
Microsoft Visual Studio Solution File, Format Version 12.00
# Visual Studio Version 16
VisualStudioVersion = 16.0.30114.105
MinimumVisualStudioVersion = 10.0.40219.1
Project("{FAE04EC0-301F-11D3-BF4B-00C04F79EFBC}") = "ToolsBox", "ToolsBox\ToolsBox.csproj", "{016DCDA3-B9EE-4F84-BA44-D9E4A6F5FDC4}"
EndProject
Global
	GlobalSection(SolutionConfigurationPlatforms) = preSolution
		Debug|Any CPU = Debug|Any CPU
		Release|Any CPU = Release|Any CPU
	EndGlobalSection
	GlobalSection(ProjectConfigurationPlatforms) = postSolution
		{016DCDA3-B9EE-4F84-BA44-D9E4A6F5FDC4}.Debug|Any CPU.ActiveCfg = Debug|Any CPU
		{016DCDA3-B9EE-4F84-BA44-D9E4A6F5FDC4}.Debug|Any CPU.Build.0 = Debug|Any CPU
		{016DCDA3-B9EE-4F84-BA44-D9E4A6F5FDC4}.Release|Any CPU.ActiveCfg = Release|Any CPU
		{016DCDA3-B9EE-4F84-BA44-D9E4A6F5FDC4}.Release|Any CPU.Build.0 = Release|Any CPU
	EndGlobalSection
	GlobalSection(SolutionProperties) = preSolution
		HideSolutionNode = FALSE
	EndGlobalSection
	GlobalSection(ExtensibilityGlobals) = postSolution
		SolutionGuid = {BFDAB818-990A-438F-B930-1425D98E2693}
	EndGlobalSection
EndGlobal
